hash: 819661a90058dbba0416029bbdfffa09c3ef3af602d9d9ba29a1e3b9f8633d65
updated: 2017-02-18T12:04:09.746470595+03:00
imports:
- name: github.com/go-gl/gl
  version: b303bcb3e83b7ef645a5104e1c2db7f8d9e8918a
  subpackages:
  - v2.1/gl
- name: github.com/go-gl/glfw
  version: eecd6608b5674c04450c6e27b207340a57d27348
  subpackages:
  - v3.2/glfw
- name: github.com/paulmach/go.geo
  version: e8994de4ca767ad1e416ce5e185f83538f0661a8
- name: github.com/paulmach/go.geojson
  version: 6228f9f0660a1820e47c84d5cab6b72c8473023c
testImports: []
